
Microsoft Visual Studio Solution File, Format Version 12.00
# Visual Studio 14
VisualStudioVersion = 14.0.25123.0
MinimumVisualStudioVersion = 10.0.40219.1
Project("{FAE04EC0-301F-11D3-BF4B-00C04F79EFBC}") = "Todo.Mobile.Droid", "Todo.Mobile\Todo.Mobile.Droid\Todo.Mobile.Droid.csproj", "{4968B983-BB85-4AB5-8B56-0E25F2171878}"
EndProject
Project("{FAE04EC0-301F-11D3-BF4B-00C04F79EFBC}") = "Todo.Mobile.iOS", "Todo.Mobile\Todo.Mobile.iOS\Todo.Mobile.iOS.csproj", "{1009A91C-2C81-47BE-9C0A-352F72A64A5F}"
EndProject
Project("{FAE04EC0-301F-11D3-BF4B-00C04F79EFBC}") = "Todo.Mobile", "Todo.Mobile\Todo.Mobile\Todo.Mobile.csproj", "{44A7D2A2-1AD1-4B67-8549-C559C233B2AC}"
EndProject
Project("{FAE04EC0-301F-11D3-BF4B-00C04F79EFBC}") = "Todo.BoundedContext", "Todo.Mobile\Todo.BoundedContext\Todo.BoundedContext.csproj", "{67F9D3A8-F71E-4428-913F-C37AE82CDB24}"
EndProject
Project("{FAE04EC0-301F-11D3-BF4B-00C04F79EFBC}") = "Todo.BoundedContext.Commands", "Todo.Mobile\Todo.BoundedContext.Commands\Todo.BoundedContext.Commands.csproj", "{AE64B52E-10BC-4EB6-94C4-52D3CCCEC337}"
EndProject
Project("{FAE04EC0-301F-11D3-BF4B-00C04F79EFBC}") = "Todo.BoundedContext.Data", "Todo.Mobile\Todo.BoundedContext.Data\Todo.BoundedContext.Data.csproj", "{6CB5AC21-B45B-4756-835E-DD3C39C75289}"
EndProject
Project("{FAE04EC0-301F-11D3-BF4B-00C04F79EFBC}") = "Todo.BoundedContext.Events", "Todo.Mobile\Todo.BoundedContext.Events\Todo.BoundedContext.Events.csproj", "{46C70C89-F45E-42B0-B391-BDF0A93B7DE9}"
EndProject
Project("{FAE04EC0-301F-11D3-BF4B-00C04F79EFBC}") = "Todo.BoundedContext.Projection", "Todo.Mobile\Todo.BoundedContext.Projects\Todo.BoundedContext.Projection.csproj", "{C309A0BE-D578-4396-98EC-F91431499026}"
EndProject
Project("{FAE04EC0-301F-11D3-BF4B-00C04F79EFBC}") = "Infrastructure", "Todo.Mobile\Infrastructure\Infrastructure.csproj", "{AD6370BD-11DB-402C-B24C-DF6A037E4C1C}"
EndProject
Global
	GlobalSection(SolutionConfigurationPlatforms) = preSolution
		Ad-Hoc|Any CPU = Ad-Hoc|Any CPU
		Ad-Hoc|ARM = Ad-Hoc|ARM
		Ad-Hoc|iPhone = Ad-Hoc|iPhone
		Ad-Hoc|iPhoneSimulator = Ad-Hoc|iPhoneSimulator
		Ad-Hoc|x64 = Ad-Hoc|x64
		Ad-Hoc|x86 = Ad-Hoc|x86
		AppStore|Any CPU = AppStore|Any CPU
		AppStore|ARM = AppStore|ARM
		AppStore|iPhone = AppStore|iPhone
		AppStore|iPhoneSimulator = AppStore|iPhoneSimulator
		AppStore|x64 = AppStore|x64
		AppStore|x86 = AppStore|x86
		Debug|Any CPU = Debug|Any CPU
		Debug|ARM = Debug|ARM
		Debug|iPhone = Debug|iPhone
		Debug|iPhoneSimulator = Debug|iPhoneSimulator
		Debug|x64 = Debug|x64
		Debug|x86 = Debug|x86
		Release|Any CPU = Release|Any CPU
		Release|ARM = Release|ARM
		Release|iPhone = Release|iPhone
		Release|iPhoneSimulator = Release|iPhoneSimulator
		Release|x64 = Release|x64
		Release|x86 = Release|x86
	EndGlobalSection
	GlobalSection(ProjectConfigurationPlatforms) = postSolution
		{4968B983-BB85-4AB5-8B56-0E25F2171878}.Ad-Hoc|Any CPU.ActiveCfg = Release|Any CPU
		{4968B983-BB85-4AB5-8B56-0E25F2171878}.Ad-Hoc|Any CPU.Build.0 = Release|Any CPU
		{4968B983-BB85-4AB5-8B56-0E25F2171878}.Ad-Hoc|Any CPU.Deploy.0 = Release|Any CPU
		{4968B983-BB85-4AB5-8B56-0E25F2171878}.Ad-Hoc|ARM.ActiveCfg = Release|Any CPU
		{4968B983-BB85-4AB5-8B56-0E25F2171878}.Ad-Hoc|ARM.Build.0 = Release|Any CPU
		{4968B983-BB85-4AB5-8B56-0E25F2171878}.Ad-Hoc|ARM.Deploy.0 = Release|Any CPU
		{4968B983-BB85-4AB5-8B56-0E25F2171878}.Ad-Hoc|iPhone.ActiveCfg = Release|Any CPU
		{4968B983-BB85-4AB5-8B56-0E25F2171878}.Ad-Hoc|iPhone.Build.0 = Release|Any CPU
		{4968B983-BB85-4AB5-8B56-0E25F2171878}.Ad-Hoc|iPhone.Deploy.0 = Release|Any CPU
		{4968B983-BB85-4AB5-8B56-0E25F2171878}.Ad-Hoc|iPhoneSimulator.ActiveCfg = Release|Any CPU
		{4968B983-BB85-4AB5-8B56-0E25F2171878}.Ad-Hoc|iPhoneSimulator.Build.0 = Release|Any CPU
		{4968B983-BB85-4AB5-8B56-0E25F2171878}.Ad-Hoc|iPhoneSimulator.Deploy.0 = Release|Any CPU
		{4968B983-BB85-4AB5-8B56-0E25F2171878}.Ad-Hoc|x64.ActiveCfg = Release|Any CPU
		{4968B983-BB85-4AB5-8B56-0E25F2171878}.Ad-Hoc|x64.Build.0 = Release|Any CPU
		{4968B983-BB85-4AB5-8B56-0E25F2171878}.Ad-Hoc|x64.Deploy.0 = Release|Any CPU
		{4968B983-BB85-4AB5-8B56-0E25F2171878}.Ad-Hoc|x86.ActiveCfg = Release|Any CPU
		{4968B983-BB85-4AB5-8B56-0E25F2171878}.Ad-Hoc|x86.Build.0 = Release|Any CPU
		{4968B983-BB85-4AB5-8B56-0E25F2171878}.Ad-Hoc|x86.Deploy.0 = Release|Any CPU
		{4968B983-BB85-4AB5-8B56-0E25F2171878}.AppStore|Any CPU.ActiveCfg = Release|Any CPU
		{4968B983-BB85-4AB5-8B56-0E25F2171878}.AppStore|Any CPU.Build.0 = Release|Any CPU
		{4968B983-BB85-4AB5-8B56-0E25F2171878}.AppStore|Any CPU.Deploy.0 = Release|Any CPU
		{4968B983-BB85-4AB5-8B56-0E25F2171878}.AppStore|ARM.ActiveCfg = Release|Any CPU
		{4968B983-BB85-4AB5-8B56-0E25F2171878}.AppStore|ARM.Build.0 = Release|Any CPU
		{4968B983-BB85-4AB5-8B56-0E25F2171878}.AppStore|ARM.Deploy.0 = Release|Any CPU
		{4968B983-BB85-4AB5-8B56-0E25F2171878}.AppStore|iPhone.ActiveCfg = Release|Any CPU
		{4968B983-BB85-4AB5-8B56-0E25F2171878}.AppStore|iPhone.Build.0 = Release|Any CPU
		{4968B983-BB85-4AB5-8B56-0E25F2171878}.AppStore|iPhone.Deploy.0 = Release|Any CPU
		{4968B983-BB85-4AB5-8B56-0E25F2171878}.AppStore|iPhoneSimulator.ActiveCfg = Release|Any CPU
		{4968B983-BB85-4AB5-8B56-0E25F2171878}.AppStore|iPhoneSimulator.Build.0 = Release|Any CPU
		{4968B983-BB85-4AB5-8B56-0E25F2171878}.AppStore|iPhoneSimulator.Deploy.0 = Release|Any CPU
		{4968B983-BB85-4AB5-8B56-0E25F2171878}.AppStore|x64.ActiveCfg = Release|Any CPU
		{4968B983-BB85-4AB5-8B56-0E25F2171878}.AppStore|x64.Build.0 = Release|Any CPU
		{4968B983-BB85-4AB5-8B56-0E25F2171878}.AppStore|x64.Deploy.0 = Release|Any CPU
		{4968B983-BB85-4AB5-8B56-0E25F2171878}.AppStore|x86.ActiveCfg = Release|Any CPU
		{4968B983-BB85-4AB5-8B56-0E25F2171878}.AppStore|x86.Build.0 = Release|Any CPU
		{4968B983-BB85-4AB5-8B56-0E25F2171878}.AppStore|x86.Deploy.0 = Release|Any CPU
		{4968B983-BB85-4AB5-8B56-0E25F2171878}.Debug|Any CPU.ActiveCfg = Debug|Any CPU
		{4968B983-BB85-4AB5-8B56-0E25F2171878}.Debug|Any CPU.Build.0 = Debug|Any CPU
		{4968B983-BB85-4AB5-8B56-0E25F2171878}.Debug|Any CPU.Deploy.0 = Debug|Any CPU
		{4968B983-BB85-4AB5-8B56-0E25F2171878}.Debug|ARM.ActiveCfg = Debug|Any CPU
		{4968B983-BB85-4AB5-8B56-0E25F2171878}.Debug|ARM.Build.0 = Debug|Any CPU
		{4968B983-BB85-4AB5-8B56-0E25F2171878}.Debug|ARM.Deploy.0 = Debug|Any CPU
		{4968B983-BB85-4AB5-8B56-0E25F2171878}.Debug|iPhone.ActiveCfg = Debug|Any CPU
		{4968B983-BB85-4AB5-8B56-0E25F2171878}.Debug|iPhone.Build.0 = Debug|Any CPU
		{4968B983-BB85-4AB5-8B56-0E25F2171878}.Debug|iPhone.Deploy.0 = Debug|Any CPU
		{4968B983-BB85-4AB5-8B56-0E25F2171878}.Debug|iPhoneSimulator.ActiveCfg = Debug|Any CPU
		{4968B983-BB85-4AB5-8B56-0E25F2171878}.Debug|iPhoneSimulator.Build.0 = Debug|Any CPU
		{4968B983-BB85-4AB5-8B56-0E25F2171878}.Debug|iPhoneSimulator.Deploy.0 = Debug|Any CPU
		{4968B983-BB85-4AB5-8B56-0E25F2171878}.Debug|x64.ActiveCfg = Debug|Any CPU
		{4968B983-BB85-4AB5-8B56-0E25F2171878}.Debug|x64.Build.0 = Debug|Any CPU
		{4968B983-BB85-4AB5-8B56-0E25F2171878}.Debug|x64.Deploy.0 = Debug|Any CPU
		{4968B983-BB85-4AB5-8B56-0E25F2171878}.Debug|x86.ActiveCfg = Debug|Any CPU
		{4968B983-BB85-4AB5-8B56-0E25F2171878}.Debug|x86.Build.0 = Debug|Any CPU
		{4968B983-BB85-4AB5-8B56-0E25F2171878}.Debug|x86.Deploy.0 = Debug|Any CPU
		{4968B983-BB85-4AB5-8B56-0E25F2171878}.Release|Any CPU.ActiveCfg = Release|Any CPU
		{4968B983-BB85-4AB5-8B56-0E25F2171878}.Release|Any CPU.Build.0 = Release|Any CPU
		{4968B983-BB85-4AB5-8B56-0E25F2171878}.Release|Any CPU.Deploy.0 = Release|Any CPU
		{4968B983-BB85-4AB5-8B56-0E25F2171878}.Release|ARM.ActiveCfg = Release|Any CPU
		{4968B983-BB85-4AB5-8B56-0E25F2171878}.Release|ARM.Build.0 = Release|Any CPU
		{4968B983-BB85-4AB5-8B56-0E25F2171878}.Release|ARM.Deploy.0 = Release|Any CPU
		{4968B983-BB85-4AB5-8B56-0E25F2171878}.Release|iPhone.ActiveCfg = Release|Any CPU
		{4968B983-BB85-4AB5-8B56-0E25F2171878}.Release|iPhone.Build.0 = Release|Any CPU
		{4968B983-BB85-4AB5-8B56-0E25F2171878}.Release|iPhone.Deploy.0 = Release|Any CPU
		{4968B983-BB85-4AB5-8B56-0E25F2171878}.Release|iPhoneSimulator.ActiveCfg = Release|Any CPU
		{4968B983-BB85-4AB5-8B56-0E25F2171878}.Release|iPhoneSimulator.Build.0 = Release|Any CPU
		{4968B983-BB85-4AB5-8B56-0E25F2171878}.Release|iPhoneSimulator.Deploy.0 = Release|Any CPU
		{4968B983-BB85-4AB5-8B56-0E25F2171878}.Release|x64.ActiveCfg = Release|Any CPU
		{4968B983-BB85-4AB5-8B56-0E25F2171878}.Release|x64.Build.0 = Release|Any CPU
		{4968B983-BB85-4AB5-8B56-0E25F2171878}.Release|x64.Deploy.0 = Release|Any CPU
		{4968B983-BB85-4AB5-8B56-0E25F2171878}.Release|x86.ActiveCfg = Release|Any CPU
		{4968B983-BB85-4AB5-8B56-0E25F2171878}.Release|x86.Build.0 = Release|Any CPU
		{4968B983-BB85-4AB5-8B56-0E25F2171878}.Release|x86.Deploy.0 = Release|Any CPU
		{1009A91C-2C81-47BE-9C0A-352F72A64A5F}.Ad-Hoc|Any CPU.ActiveCfg = Ad-Hoc|iPhone
		{1009A91C-2C81-47BE-9C0A-352F72A64A5F}.Ad-Hoc|ARM.ActiveCfg = Ad-Hoc|iPhone
		{1009A91C-2C81-47BE-9C0A-352F72A64A5F}.Ad-Hoc|iPhone.ActiveCfg = Ad-Hoc|iPhone
		{1009A91C-2C81-47BE-9C0A-352F72A64A5F}.Ad-Hoc|iPhone.Build.0 = Ad-Hoc|iPhone
		{1009A91C-2C81-47BE-9C0A-352F72A64A5F}.Ad-Hoc|iPhoneSimulator.ActiveCfg = Ad-Hoc|iPhoneSimulator
		{1009A91C-2C81-47BE-9C0A-352F72A64A5F}.Ad-Hoc|iPhoneSimulator.Build.0 = Ad-Hoc|iPhoneSimulator
		{1009A91C-2C81-47BE-9C0A-352F72A64A5F}.Ad-Hoc|x64.ActiveCfg = Ad-Hoc|iPhone
		{1009A91C-2C81-47BE-9C0A-352F72A64A5F}.Ad-Hoc|x86.ActiveCfg = Ad-Hoc|iPhone
		{1009A91C-2C81-47BE-9C0A-352F72A64A5F}.AppStore|Any CPU.ActiveCfg = AppStore|iPhone
		{1009A91C-2C81-47BE-9C0A-352F72A64A5F}.AppStore|ARM.ActiveCfg = AppStore|iPhone
		{1009A91C-2C81-47BE-9C0A-352F72A64A5F}.AppStore|iPhone.ActiveCfg = AppStore|iPhone
		{1009A91C-2C81-47BE-9C0A-352F72A64A5F}.AppStore|iPhone.Build.0 = AppStore|iPhone
		{1009A91C-2C81-47BE-9C0A-352F72A64A5F}.AppStore|iPhoneSimulator.ActiveCfg = AppStore|iPhoneSimulator
		{1009A91C-2C81-47BE-9C0A-352F72A64A5F}.AppStore|iPhoneSimulator.Build.0 = AppStore|iPhoneSimulator
		{1009A91C-2C81-47BE-9C0A-352F72A64A5F}.AppStore|x64.ActiveCfg = AppStore|iPhone
		{1009A91C-2C81-47BE-9C0A-352F72A64A5F}.AppStore|x86.ActiveCfg = AppStore|iPhone
		{1009A91C-2C81-47BE-9C0A-352F72A64A5F}.Debug|Any CPU.ActiveCfg = Debug|iPhone
		{1009A91C-2C81-47BE-9C0A-352F72A64A5F}.Debug|ARM.ActiveCfg = Debug|iPhone
		{1009A91C-2C81-47BE-9C0A-352F72A64A5F}.Debug|iPhone.ActiveCfg = Debug|iPhone
		{1009A91C-2C81-47BE-9C0A-352F72A64A5F}.Debug|iPhone.Build.0 = Debug|iPhone
		{1009A91C-2C81-47BE-9C0A-352F72A64A5F}.Debug|iPhoneSimulator.ActiveCfg = Debug|iPhoneSimulator
		{1009A91C-2C81-47BE-9C0A-352F72A64A5F}.Debug|iPhoneSimulator.Build.0 = Debug|iPhoneSimulator
		{1009A91C-2C81-47BE-9C0A-352F72A64A5F}.Debug|x64.ActiveCfg = Debug|iPhone
		{1009A91C-2C81-47BE-9C0A-352F72A64A5F}.Debug|x86.ActiveCfg = Debug|iPhone
		{1009A91C-2C81-47BE-9C0A-352F72A64A5F}.Release|Any CPU.ActiveCfg = Release|iPhone
		{1009A91C-2C81-47BE-9C0A-352F72A64A5F}.Release|ARM.ActiveCfg = Release|iPhone
		{1009A91C-2C81-47BE-9C0A-352F72A64A5F}.Release|iPhone.ActiveCfg = Release|iPhone
		{1009A91C-2C81-47BE-9C0A-352F72A64A5F}.Release|iPhone.Build.0 = Release|iPhone
		{1009A91C-2C81-47BE-9C0A-352F72A64A5F}.Release|iPhoneSimulator.ActiveCfg = Release|iPhoneSimulator
		{1009A91C-2C81-47BE-9C0A-352F72A64A5F}.Release|iPhoneSimulator.Build.0 = Release|iPhoneSimulator
		{1009A91C-2C81-47BE-9C0A-352F72A64A5F}.Release|x64.ActiveCfg = Release|iPhone
		{1009A91C-2C81-47BE-9C0A-352F72A64A5F}.Release|x86.ActiveCfg = Release|iPhone
		{44A7D2A2-1AD1-4B67-8549-C559C233B2AC}.Ad-Hoc|Any CPU.ActiveCfg = Release|Any CPU
		{44A7D2A2-1AD1-4B67-8549-C559C233B2AC}.Ad-Hoc|Any CPU.Build.0 = Release|Any CPU
		{44A7D2A2-1AD1-4B67-8549-C559C233B2AC}.Ad-Hoc|ARM.ActiveCfg = Release|Any CPU
		{44A7D2A2-1AD1-4B67-8549-C559C233B2AC}.Ad-Hoc|ARM.Build.0 = Release|Any CPU
		{44A7D2A2-1AD1-4B67-8549-C559C233B2AC}.Ad-Hoc|iPhone.ActiveCfg = Release|Any CPU
		{44A7D2A2-1AD1-4B67-8549-C559C233B2AC}.Ad-Hoc|iPhone.Build.0 = Release|Any CPU
		{44A7D2A2-1AD1-4B67-8549-C559C233B2AC}.Ad-Hoc|iPhoneSimulator.ActiveCfg = Release|Any CPU
		{44A7D2A2-1AD1-4B67-8549-C559C233B2AC}.Ad-Hoc|iPhoneSimulator.Build.0 = Release|Any CPU
		{44A7D2A2-1AD1-4B67-8549-C559C233B2AC}.Ad-Hoc|x64.ActiveCfg = Release|Any CPU
		{44A7D2A2-1AD1-4B67-8549-C559C233B2AC}.Ad-Hoc|x64.Build.0 = Release|Any CPU
		{44A7D2A2-1AD1-4B67-8549-C559C233B2AC}.Ad-Hoc|x86.ActiveCfg = Release|Any CPU
		{44A7D2A2-1AD1-4B67-8549-C559C233B2AC}.Ad-Hoc|x86.Build.0 = Release|Any CPU
		{44A7D2A2-1AD1-4B67-8549-C559C233B2AC}.AppStore|Any CPU.ActiveCfg = Release|Any CPU
		{44A7D2A2-1AD1-4B67-8549-C559C233B2AC}.AppStore|Any CPU.Build.0 = Release|Any CPU
		{44A7D2A2-1AD1-4B67-8549-C559C233B2AC}.AppStore|ARM.ActiveCfg = Release|Any CPU
		{44A7D2A2-1AD1-4B67-8549-C559C233B2AC}.AppStore|ARM.Build.0 = Release|Any CPU
		{44A7D2A2-1AD1-4B67-8549-C559C233B2AC}.AppStore|iPhone.ActiveCfg = Release|Any CPU
		{44A7D2A2-1AD1-4B67-8549-C559C233B2AC}.AppStore|iPhone.Build.0 = Release|Any CPU
		{44A7D2A2-1AD1-4B67-8549-C559C233B2AC}.AppStore|iPhoneSimulator.ActiveCfg = Release|Any CPU
		{44A7D2A2-1AD1-4B67-8549-C559C233B2AC}.AppStore|iPhoneSimulator.Build.0 = Release|Any CPU
		{44A7D2A2-1AD1-4B67-8549-C559C233B2AC}.AppStore|x64.ActiveCfg = Release|Any CPU
		{44A7D2A2-1AD1-4B67-8549-C559C233B2AC}.AppStore|x64.Build.0 = Release|Any CPU
		{44A7D2A2-1AD1-4B67-8549-C559C233B2AC}.AppStore|x86.ActiveCfg = Release|Any CPU
		{44A7D2A2-1AD1-4B67-8549-C559C233B2AC}.AppStore|x86.Build.0 = Release|Any CPU
		{44A7D2A2-1AD1-4B67-8549-C559C233B2AC}.Debug|Any CPU.ActiveCfg = Debug|Any CPU
		{44A7D2A2-1AD1-4B67-8549-C559C233B2AC}.Debug|Any CPU.Build.0 = Debug|Any CPU
		{44A7D2A2-1AD1-4B67-8549-C559C233B2AC}.Debug|ARM.ActiveCfg = Debug|Any CPU
		{44A7D2A2-1AD1-4B67-8549-C559C233B2AC}.Debug|ARM.Build.0 = Debug|Any CPU
		{44A7D2A2-1AD1-4B67-8549-C559C233B2AC}.Debug|iPhone.ActiveCfg = Debug|Any CPU
		{44A7D2A2-1AD1-4B67-8549-C559C233B2AC}.Debug|iPhone.Build.0 = Debug|Any CPU
		{44A7D2A2-1AD1-4B67-8549-C559C233B2AC}.Debug|iPhoneSimulator.ActiveCfg = Debug|Any CPU
		{44A7D2A2-1AD1-4B67-8549-C559C233B2AC}.Debug|iPhoneSimulator.Build.0 = Debug|Any CPU
		{44A7D2A2-1AD1-4B67-8549-C559C233B2AC}.Debug|x64.ActiveCfg = Debug|Any CPU
		{44A7D2A2-1AD1-4B67-8549-C559C233B2AC}.Debug|x64.Build.0 = Debug|Any CPU
		{44A7D2A2-1AD1-4B67-8549-C559C233B2AC}.Debug|x86.ActiveCfg = Debug|Any CPU
		{44A7D2A2-1AD1-4B67-8549-C559C233B2AC}.Debug|x86.Build.0 = Debug|Any CPU
		{44A7D2A2-1AD1-4B67-8549-C559C233B2AC}.Release|Any CPU.ActiveCfg = Release|Any CPU
		{44A7D2A2-1AD1-4B67-8549-C559C233B2AC}.Release|Any CPU.Build.0 = Release|Any CPU
		{44A7D2A2-1AD1-4B67-8549-C559C233B2AC}.Release|ARM.ActiveCfg = Release|Any CPU
		{44A7D2A2-1AD1-4B67-8549-C559C233B2AC}.Release|ARM.Build.0 = Release|Any CPU
		{44A7D2A2-1AD1-4B67-8549-C559C233B2AC}.Release|iPhone.ActiveCfg = Release|Any CPU
		{44A7D2A2-1AD1-4B67-8549-C559C233B2AC}.Release|iPhone.Build.0 = Release|Any CPU
		{44A7D2A2-1AD1-4B67-8549-C559C233B2AC}.Release|iPhoneSimulator.ActiveCfg = Release|Any CPU
		{44A7D2A2-1AD1-4B67-8549-C559C233B2AC}.Release|iPhoneSimulator.Build.0 = Release|Any CPU
		{44A7D2A2-1AD1-4B67-8549-C559C233B2AC}.Release|x64.ActiveCfg = Release|Any CPU
		{44A7D2A2-1AD1-4B67-8549-C559C233B2AC}.Release|x64.Build.0 = Release|Any CPU
		{44A7D2A2-1AD1-4B67-8549-C559C233B2AC}.Release|x86.ActiveCfg = Release|Any CPU
		{44A7D2A2-1AD1-4B67-8549-C559C233B2AC}.Release|x86.Build.0 = Release|Any CPU
		{67F9D3A8-F71E-4428-913F-C37AE82CDB24}.Ad-Hoc|Any CPU.ActiveCfg = Release|Any CPU
		{67F9D3A8-F71E-4428-913F-C37AE82CDB24}.Ad-Hoc|Any CPU.Build.0 = Release|Any CPU
		{67F9D3A8-F71E-4428-913F-C37AE82CDB24}.Ad-Hoc|ARM.ActiveCfg = Release|Any CPU
		{67F9D3A8-F71E-4428-913F-C37AE82CDB24}.Ad-Hoc|ARM.Build.0 = Release|Any CPU
		{67F9D3A8-F71E-4428-913F-C37AE82CDB24}.Ad-Hoc|iPhone.ActiveCfg = Release|Any CPU
		{67F9D3A8-F71E-4428-913F-C37AE82CDB24}.Ad-Hoc|iPhone.Build.0 = Release|Any CPU
		{67F9D3A8-F71E-4428-913F-C37AE82CDB24}.Ad-Hoc|iPhoneSimulator.ActiveCfg = Release|Any CPU
		{67F9D3A8-F71E-4428-913F-C37AE82CDB24}.Ad-Hoc|iPhoneSimulator.Build.0 = Release|Any CPU
		{67F9D3A8-F71E-4428-913F-C37AE82CDB24}.Ad-Hoc|x64.ActiveCfg = Release|Any CPU
		{67F9D3A8-F71E-4428-913F-C37AE82CDB24}.Ad-Hoc|x64.Build.0 = Release|Any CPU
		{67F9D3A8-F71E-4428-913F-C37AE82CDB24}.Ad-Hoc|x86.ActiveCfg = Release|Any CPU
		{67F9D3A8-F71E-4428-913F-C37AE82CDB24}.Ad-Hoc|x86.Build.0 = Release|Any CPU
		{67F9D3A8-F71E-4428-913F-C37AE82CDB24}.AppStore|Any CPU.ActiveCfg = Release|Any CPU
		{67F9D3A8-F71E-4428-913F-C37AE82CDB24}.AppStore|Any CPU.Build.0 = Release|Any CPU
		{67F9D3A8-F71E-4428-913F-C37AE82CDB24}.AppStore|ARM.ActiveCfg = Release|Any CPU
		{67F9D3A8-F71E-4428-913F-C37AE82CDB24}.AppStore|ARM.Build.0 = Release|Any CPU
		{67F9D3A8-F71E-4428-913F-C37AE82CDB24}.AppStore|iPhone.ActiveCfg = Release|Any CPU
		{67F9D3A8-F71E-4428-913F-C37AE82CDB24}.AppStore|iPhone.Build.0 = Release|Any CPU
		{67F9D3A8-F71E-4428-913F-C37AE82CDB24}.AppStore|iPhoneSimulator.ActiveCfg = Release|Any CPU
		{67F9D3A8-F71E-4428-913F-C37AE82CDB24}.AppStore|iPhoneSimulator.Build.0 = Release|Any CPU
		{67F9D3A8-F71E-4428-913F-C37AE82CDB24}.AppStore|x64.ActiveCfg = Release|Any CPU
		{67F9D3A8-F71E-4428-913F-C37AE82CDB24}.AppStore|x64.Build.0 = Release|Any CPU
		{67F9D3A8-F71E-4428-913F-C37AE82CDB24}.AppStore|x86.ActiveCfg = Release|Any CPU
		{67F9D3A8-F71E-4428-913F-C37AE82CDB24}.AppStore|x86.Build.0 = Release|Any CPU
		{67F9D3A8-F71E-4428-913F-C37AE82CDB24}.Debug|Any CPU.ActiveCfg = Debug|Any CPU
		{67F9D3A8-F71E-4428-913F-C37AE82CDB24}.Debug|Any CPU.Build.0 = Debug|Any CPU
		{67F9D3A8-F71E-4428-913F-C37AE82CDB24}.Debug|ARM.ActiveCfg = Debug|Any CPU
		{67F9D3A8-F71E-4428-913F-C37AE82CDB24}.Debug|ARM.Build.0 = Debug|Any CPU
		{67F9D3A8-F71E-4428-913F-C37AE82CDB24}.Debug|iPhone.ActiveCfg = Debug|Any CPU
		{67F9D3A8-F71E-4428-913F-C37AE82CDB24}.Debug|iPhone.Build.0 = Debug|Any CPU
		{67F9D3A8-F71E-4428-913F-C37AE82CDB24}.Debug|iPhoneSimulator.ActiveCfg = Debug|Any CPU
		{67F9D3A8-F71E-4428-913F-C37AE82CDB24}.Debug|iPhoneSimulator.Build.0 = Debug|Any CPU
		{67F9D3A8-F71E-4428-913F-C37AE82CDB24}.Debug|x64.ActiveCfg = Debug|Any CPU
		{67F9D3A8-F71E-4428-913F-C37AE82CDB24}.Debug|x64.Build.0 = Debug|Any CPU
		{67F9D3A8-F71E-4428-913F-C37AE82CDB24}.Debug|x86.ActiveCfg = Debug|Any CPU
		{67F9D3A8-F71E-4428-913F-C37AE82CDB24}.Debug|x86.Build.0 = Debug|Any CPU
		{67F9D3A8-F71E-4428-913F-C37AE82CDB24}.Release|Any CPU.ActiveCfg = Release|Any CPU
		{67F9D3A8-F71E-4428-913F-C37AE82CDB24}.Release|Any CPU.Build.0 = Release|Any CPU
		{67F9D3A8-F71E-4428-913F-C37AE82CDB24}.Release|ARM.ActiveCfg = Release|Any CPU
		{67F9D3A8-F71E-4428-913F-C37AE82CDB24}.Release|ARM.Build.0 = Release|Any CPU
		{67F9D3A8-F71E-4428-913F-C37AE82CDB24}.Release|iPhone.ActiveCfg = Release|Any CPU
		{67F9D3A8-F71E-4428-913F-C37AE82CDB24}.Release|iPhone.Build.0 = Release|Any CPU
		{67F9D3A8-F71E-4428-913F-C37AE82CDB24}.Release|iPhoneSimulator.ActiveCfg = Release|Any CPU
		{67F9D3A8-F71E-4428-913F-C37AE82CDB24}.Release|iPhoneSimulator.Build.0 = Release|Any CPU
		{67F9D3A8-F71E-4428-913F-C37AE82CDB24}.Release|x64.ActiveCfg = Release|Any CPU
		{67F9D3A8-F71E-4428-913F-C37AE82CDB24}.Release|x64.Build.0 = Release|Any CPU
		{67F9D3A8-F71E-4428-913F-C37AE82CDB24}.Release|x86.ActiveCfg = Release|Any CPU
		{67F9D3A8-F71E-4428-913F-C37AE82CDB24}.Release|x86.Build.0 = Release|Any CPU
		{AE64B52E-10BC-4EB6-94C4-52D3CCCEC337}.Ad-Hoc|Any CPU.ActiveCfg = Release|Any CPU
		{AE64B52E-10BC-4EB6-94C4-52D3CCCEC337}.Ad-Hoc|Any CPU.Build.0 = Release|Any CPU
		{AE64B52E-10BC-4EB6-94C4-52D3CCCEC337}.Ad-Hoc|ARM.ActiveCfg = Release|Any CPU
		{AE64B52E-10BC-4EB6-94C4-52D3CCCEC337}.Ad-Hoc|ARM.Build.0 = Release|Any CPU
		{AE64B52E-10BC-4EB6-94C4-52D3CCCEC337}.Ad-Hoc|iPhone.ActiveCfg = Release|Any CPU
		{AE64B52E-10BC-4EB6-94C4-52D3CCCEC337}.Ad-Hoc|iPhone.Build.0 = Release|Any CPU
		{AE64B52E-10BC-4EB6-94C4-52D3CCCEC337}.Ad-Hoc|iPhoneSimulator.ActiveCfg = Release|Any CPU
		{AE64B52E-10BC-4EB6-94C4-52D3CCCEC337}.Ad-Hoc|iPhoneSimulator.Build.0 = Release|Any CPU
		{AE64B52E-10BC-4EB6-94C4-52D3CCCEC337}.Ad-Hoc|x64.ActiveCfg = Release|Any CPU
		{AE64B52E-10BC-4EB6-94C4-52D3CCCEC337}.Ad-Hoc|x64.Build.0 = Release|Any CPU
		{AE64B52E-10BC-4EB6-94C4-52D3CCCEC337}.Ad-Hoc|x86.ActiveCfg = Release|Any CPU
		{AE64B52E-10BC-4EB6-94C4-52D3CCCEC337}.Ad-Hoc|x86.Build.0 = Release|Any CPU
		{AE64B52E-10BC-4EB6-94C4-52D3CCCEC337}.AppStore|Any CPU.ActiveCfg = Release|Any CPU
		{AE64B52E-10BC-4EB6-94C4-52D3CCCEC337}.AppStore|Any CPU.Build.0 = Release|Any CPU
		{AE64B52E-10BC-4EB6-94C4-52D3CCCEC337}.AppStore|ARM.ActiveCfg = Release|Any CPU
		{AE64B52E-10BC-4EB6-94C4-52D3CCCEC337}.AppStore|ARM.Build.0 = Release|Any CPU
		{AE64B52E-10BC-4EB6-94C4-52D3CCCEC337}.AppStore|iPhone.ActiveCfg = Release|Any CPU
		{AE64B52E-10BC-4EB6-94C4-52D3CCCEC337}.AppStore|iPhone.Build.0 = Release|Any CPU
		{AE64B52E-10BC-4EB6-94C4-52D3CCCEC337}.AppStore|iPhoneSimulator.ActiveCfg = Release|Any CPU
		{AE64B52E-10BC-4EB6-94C4-52D3CCCEC337}.AppStore|iPhoneSimulator.Build.0 = Release|Any CPU
		{AE64B52E-10BC-4EB6-94C4-52D3CCCEC337}.AppStore|x64.ActiveCfg = Release|Any CPU
		{AE64B52E-10BC-4EB6-94C4-52D3CCCEC337}.AppStore|x64.Build.0 = Release|Any CPU
		{AE64B52E-10BC-4EB6-94C4-52D3CCCEC337}.AppStore|x86.ActiveCfg = Release|Any CPU
		{AE64B52E-10BC-4EB6-94C4-52D3CCCEC337}.AppStore|x86.Build.0 = Release|Any CPU
		{AE64B52E-10BC-4EB6-94C4-52D3CCCEC337}.Debug|Any CPU.ActiveCfg = Debug|Any CPU
		{AE64B52E-10BC-4EB6-94C4-52D3CCCEC337}.Debug|Any CPU.Build.0 = Debug|Any CPU
		{AE64B52E-10BC-4EB6-94C4-52D3CCCEC337}.Debug|ARM.ActiveCfg = Debug|Any CPU
		{AE64B52E-10BC-4EB6-94C4-52D3CCCEC337}.Debug|ARM.Build.0 = Debug|Any CPU
		{AE64B52E-10BC-4EB6-94C4-52D3CCCEC337}.Debug|iPhone.ActiveCfg = Debug|Any CPU
		{AE64B52E-10BC-4EB6-94C4-52D3CCCEC337}.Debug|iPhone.Build.0 = Debug|Any CPU
		{AE64B52E-10BC-4EB6-94C4-52D3CCCEC337}.Debug|iPhoneSimulator.ActiveCfg = Debug|Any CPU
		{AE64B52E-10BC-4EB6-94C4-52D3CCCEC337}.Debug|iPhoneSimulator.Build.0 = Debug|Any CPU
		{AE64B52E-10BC-4EB6-94C4-52D3CCCEC337}.Debug|x64.ActiveCfg = Debug|Any CPU
		{AE64B52E-10BC-4EB6-94C4-52D3CCCEC337}.Debug|x64.Build.0 = Debug|Any CPU
		{AE64B52E-10BC-4EB6-94C4-52D3CCCEC337}.Debug|x86.ActiveCfg = Debug|Any CPU
		{AE64B52E-10BC-4EB6-94C4-52D3CCCEC337}.Debug|x86.Build.0 = Debug|Any CPU
		{AE64B52E-10BC-4EB6-94C4-52D3CCCEC337}.Release|Any CPU.ActiveCfg = Release|Any CPU
		{AE64B52E-10BC-4EB6-94C4-52D3CCCEC337}.Release|Any CPU.Build.0 = Release|Any CPU
		{AE64B52E-10BC-4EB6-94C4-52D3CCCEC337}.Release|ARM.ActiveCfg = Release|Any CPU
		{AE64B52E-10BC-4EB6-94C4-52D3CCCEC337}.Release|ARM.Build.0 = Release|Any CPU
		{AE64B52E-10BC-4EB6-94C4-52D3CCCEC337}.Release|iPhone.ActiveCfg = Release|Any CPU
		{AE64B52E-10BC-4EB6-94C4-52D3CCCEC337}.Release|iPhone.Build.0 = Release|Any CPU
		{AE64B52E-10BC-4EB6-94C4-52D3CCCEC337}.Release|iPhoneSimulator.ActiveCfg = Release|Any CPU
		{AE64B52E-10BC-4EB6-94C4-52D3CCCEC337}.Release|iPhoneSimulator.Build.0 = Release|Any CPU
		{AE64B52E-10BC-4EB6-94C4-52D3CCCEC337}.Release|x64.ActiveCfg = Release|Any CPU
		{AE64B52E-10BC-4EB6-94C4-52D3CCCEC337}.Release|x64.Build.0 = Release|Any CPU
		{AE64B52E-10BC-4EB6-94C4-52D3CCCEC337}.Release|x86.ActiveCfg = Release|Any CPU
		{AE64B52E-10BC-4EB6-94C4-52D3CCCEC337}.Release|x86.Build.0 = Release|Any CPU
		{6CB5AC21-B45B-4756-835E-DD3C39C75289}.Ad-Hoc|Any CPU.ActiveCfg = Release|Any CPU
		{6CB5AC21-B45B-4756-835E-DD3C39C75289}.Ad-Hoc|Any CPU.Build.0 = Release|Any CPU
		{6CB5AC21-B45B-4756-835E-DD3C39C75289}.Ad-Hoc|ARM.ActiveCfg = Release|Any CPU
		{6CB5AC21-B45B-4756-835E-DD3C39C75289}.Ad-Hoc|ARM.Build.0 = Release|Any CPU
		{6CB5AC21-B45B-4756-835E-DD3C39C75289}.Ad-Hoc|iPhone.ActiveCfg = Release|Any CPU
		{6CB5AC21-B45B-4756-835E-DD3C39C75289}.Ad-Hoc|iPhone.Build.0 = Release|Any CPU
		{6CB5AC21-B45B-4756-835E-DD3C39C75289}.Ad-Hoc|iPhoneSimulator.ActiveCfg = Release|Any CPU
		{6CB5AC21-B45B-4756-835E-DD3C39C75289}.Ad-Hoc|iPhoneSimulator.Build.0 = Release|Any CPU
		{6CB5AC21-B45B-4756-835E-DD3C39C75289}.Ad-Hoc|x64.ActiveCfg = Release|Any CPU
		{6CB5AC21-B45B-4756-835E-DD3C39C75289}.Ad-Hoc|x64.Build.0 = Release|Any CPU
		{6CB5AC21-B45B-4756-835E-DD3C39C75289}.Ad-Hoc|x86.ActiveCfg = Release|Any CPU
		{6CB5AC21-B45B-4756-835E-DD3C39C75289}.Ad-Hoc|x86.Build.0 = Release|Any CPU
		{6CB5AC21-B45B-4756-835E-DD3C39C75289}.AppStore|Any CPU.ActiveCfg = Release|Any CPU
		{6CB5AC21-B45B-4756-835E-DD3C39C75289}.AppStore|Any CPU.Build.0 = Release|Any CPU
		{6CB5AC21-B45B-4756-835E-DD3C39C75289}.AppStore|ARM.ActiveCfg = Release|Any CPU
		{6CB5AC21-B45B-4756-835E-DD3C39C75289}.AppStore|ARM.Build.0 = Release|Any CPU
		{6CB5AC21-B45B-4756-835E-DD3C39C75289}.AppStore|iPhone.ActiveCfg = Release|Any CPU
		{6CB5AC21-B45B-4756-835E-DD3C39C75289}.AppStore|iPhone.Build.0 = Release|Any CPU
		{6CB5AC21-B45B-4756-835E-DD3C39C75289}.AppStore|iPhoneSimulator.ActiveCfg = Release|Any CPU
		{6CB5AC21-B45B-4756-835E-DD3C39C75289}.AppStore|iPhoneSimulator.Build.0 = Release|Any CPU
		{6CB5AC21-B45B-4756-835E-DD3C39C75289}.AppStore|x64.ActiveCfg = Release|Any CPU
		{6CB5AC21-B45B-4756-835E-DD3C39C75289}.AppStore|x64.Build.0 = Release|Any CPU
		{6CB5AC21-B45B-4756-835E-DD3C39C75289}.AppStore|x86.ActiveCfg = Release|Any CPU
		{6CB5AC21-B45B-4756-835E-DD3C39C75289}.AppStore|x86.Build.0 = Release|Any CPU
		{6CB5AC21-B45B-4756-835E-DD3C39C75289}.Debug|Any CPU.ActiveCfg = Debug|Any CPU
		{6CB5AC21-B45B-4756-835E-DD3C39C75289}.Debug|Any CPU.Build.0 = Debug|Any CPU
		{6CB5AC21-B45B-4756-835E-DD3C39C75289}.Debug|ARM.ActiveCfg = Debug|Any CPU
		{6CB5AC21-B45B-4756-835E-DD3C39C75289}.Debug|ARM.Build.0 = Debug|Any CPU
		{6CB5AC21-B45B-4756-835E-DD3C39C75289}.Debug|iPhone.ActiveCfg = Debug|Any CPU
		{6CB5AC21-B45B-4756-835E-DD3C39C75289}.Debug|iPhone.Build.0 = Debug|Any CPU
		{6CB5AC21-B45B-4756-835E-DD3C39C75289}.Debug|iPhoneSimulator.ActiveCfg = Debug|Any CPU
		{6CB5AC21-B45B-4756-835E-DD3C39C75289}.Debug|iPhoneSimulator.Build.0 = Debug|Any CPU
		{6CB5AC21-B45B-4756-835E-DD3C39C75289}.Debug|x64.ActiveCfg = Debug|Any CPU
		{6CB5AC21-B45B-4756-835E-DD3C39C75289}.Debug|x64.Build.0 = Debug|Any CPU
		{6CB5AC21-B45B-4756-835E-DD3C39C75289}.Debug|x86.ActiveCfg = Debug|Any CPU
		{6CB5AC21-B45B-4756-835E-DD3C39C75289}.Debug|x86.Build.0 = Debug|Any CPU
		{6CB5AC21-B45B-4756-835E-DD3C39C75289}.Release|Any CPU.ActiveCfg = Release|Any CPU
		{6CB5AC21-B45B-4756-835E-DD3C39C75289}.Release|Any CPU.Build.0 = Release|Any CPU
		{6CB5AC21-B45B-4756-835E-DD3C39C75289}.Release|ARM.ActiveCfg = Release|Any CPU
		{6CB5AC21-B45B-4756-835E-DD3C39C75289}.Release|ARM.Build.0 = Release|Any CPU
		{6CB5AC21-B45B-4756-835E-DD3C39C75289}.Release|iPhone.ActiveCfg = Release|Any CPU
		{6CB5AC21-B45B-4756-835E-DD3C39C75289}.Release|iPhone.Build.0 = Release|Any CPU
		{6CB5AC21-B45B-4756-835E-DD3C39C75289}.Release|iPhoneSimulator.ActiveCfg = Release|Any CPU
		{6CB5AC21-B45B-4756-835E-DD3C39C75289}.Release|iPhoneSimulator.Build.0 = Release|Any CPU
		{6CB5AC21-B45B-4756-835E-DD3C39C75289}.Release|x64.ActiveCfg = Release|Any CPU
		{6CB5AC21-B45B-4756-835E-DD3C39C75289}.Release|x64.Build.0 = Release|Any CPU
		{6CB5AC21-B45B-4756-835E-DD3C39C75289}.Release|x86.ActiveCfg = Release|Any CPU
		{6CB5AC21-B45B-4756-835E-DD3C39C75289}.Release|x86.Build.0 = Release|Any CPU
		{46C70C89-F45E-42B0-B391-BDF0A93B7DE9}.Ad-Hoc|Any CPU.ActiveCfg = Release|Any CPU
		{46C70C89-F45E-42B0-B391-BDF0A93B7DE9}.Ad-Hoc|Any CPU.Build.0 = Release|Any CPU
		{46C70C89-F45E-42B0-B391-BDF0A93B7DE9}.Ad-Hoc|ARM.ActiveCfg = Release|Any CPU
		{46C70C89-F45E-42B0-B391-BDF0A93B7DE9}.Ad-Hoc|ARM.Build.0 = Release|Any CPU
		{46C70C89-F45E-42B0-B391-BDF0A93B7DE9}.Ad-Hoc|iPhone.ActiveCfg = Release|Any CPU
		{46C70C89-F45E-42B0-B391-BDF0A93B7DE9}.Ad-Hoc|iPhone.Build.0 = Release|Any CPU
		{46C70C89-F45E-42B0-B391-BDF0A93B7DE9}.Ad-Hoc|iPhoneSimulator.ActiveCfg = Release|Any CPU
		{46C70C89-F45E-42B0-B391-BDF0A93B7DE9}.Ad-Hoc|iPhoneSimulator.Build.0 = Release|Any CPU
		{46C70C89-F45E-42B0-B391-BDF0A93B7DE9}.Ad-Hoc|x64.ActiveCfg = Release|Any CPU
		{46C70C89-F45E-42B0-B391-BDF0A93B7DE9}.Ad-Hoc|x64.Build.0 = Release|Any CPU
		{46C70C89-F45E-42B0-B391-BDF0A93B7DE9}.Ad-Hoc|x86.ActiveCfg = Release|Any CPU
		{46C70C89-F45E-42B0-B391-BDF0A93B7DE9}.Ad-Hoc|x86.Build.0 = Release|Any CPU
		{46C70C89-F45E-42B0-B391-BDF0A93B7DE9}.AppStore|Any CPU.ActiveCfg = Release|Any CPU
		{46C70C89-F45E-42B0-B391-BDF0A93B7DE9}.AppStore|Any CPU.Build.0 = Release|Any CPU
		{46C70C89-F45E-42B0-B391-BDF0A93B7DE9}.AppStore|ARM.ActiveCfg = Release|Any CPU
		{46C70C89-F45E-42B0-B391-BDF0A93B7DE9}.AppStore|ARM.Build.0 = Release|Any CPU
		{46C70C89-F45E-42B0-B391-BDF0A93B7DE9}.AppStore|iPhone.ActiveCfg = Release|Any CPU
		{46C70C89-F45E-42B0-B391-BDF0A93B7DE9}.AppStore|iPhone.Build.0 = Release|Any CPU
		{46C70C89-F45E-42B0-B391-BDF0A93B7DE9}.AppStore|iPhoneSimulator.ActiveCfg = Release|Any CPU
		{46C70C89-F45E-42B0-B391-BDF0A93B7DE9}.AppStore|iPhoneSimulator.Build.0 = Release|Any CPU
		{46C70C89-F45E-42B0-B391-BDF0A93B7DE9}.AppStore|x64.ActiveCfg = Release|Any CPU
		{46C70C89-F45E-42B0-B391-BDF0A93B7DE9}.AppStore|x64.Build.0 = Release|Any CPU
		{46C70C89-F45E-42B0-B391-BDF0A93B7DE9}.AppStore|x86.ActiveCfg = Release|Any CPU
		{46C70C89-F45E-42B0-B391-BDF0A93B7DE9}.AppStore|x86.Build.0 = Release|Any CPU
		{46C70C89-F45E-42B0-B391-BDF0A93B7DE9}.Debug|Any CPU.ActiveCfg = Debug|Any CPU
		{46C70C89-F45E-42B0-B391-BDF0A93B7DE9}.Debug|Any CPU.Build.0 = Debug|Any CPU
		{46C70C89-F45E-42B0-B391-BDF0A93B7DE9}.Debug|ARM.ActiveCfg = Debug|Any CPU
		{46C70C89-F45E-42B0-B391-BDF0A93B7DE9}.Debug|ARM.Build.0 = Debug|Any CPU
		{46C70C89-F45E-42B0-B391-BDF0A93B7DE9}.Debug|iPhone.ActiveCfg = Debug|Any CPU
		{46C70C89-F45E-42B0-B391-BDF0A93B7DE9}.Debug|iPhone.Build.0 = Debug|Any CPU
		{46C70C89-F45E-42B0-B391-BDF0A93B7DE9}.Debug|iPhoneSimulator.ActiveCfg = Debug|Any CPU
		{46C70C89-F45E-42B0-B391-BDF0A93B7DE9}.Debug|iPhoneSimulator.Build.0 = Debug|Any CPU
		{46C70C89-F45E-42B0-B391-BDF0A93B7DE9}.Debug|x64.ActiveCfg = Debug|Any CPU
		{46C70C89-F45E-42B0-B391-BDF0A93B7DE9}.Debug|x64.Build.0 = Debug|Any CPU
		{46C70C89-F45E-42B0-B391-BDF0A93B7DE9}.Debug|x86.ActiveCfg = Debug|Any CPU
		{46C70C89-F45E-42B0-B391-BDF0A93B7DE9}.Debug|x86.Build.0 = Debug|Any CPU
		{46C70C89-F45E-42B0-B391-BDF0A93B7DE9}.Release|Any CPU.ActiveCfg = Release|Any CPU
		{46C70C89-F45E-42B0-B391-BDF0A93B7DE9}.Release|Any CPU.Build.0 = Release|Any CPU
		{46C70C89-F45E-42B0-B391-BDF0A93B7DE9}.Release|ARM.ActiveCfg = Release|Any CPU
		{46C70C89-F45E-42B0-B391-BDF0A93B7DE9}.Release|ARM.Build.0 = Release|Any CPU
		{46C70C89-F45E-42B0-B391-BDF0A93B7DE9}.Release|iPhone.ActiveCfg = Release|Any CPU
		{46C70C89-F45E-42B0-B391-BDF0A93B7DE9}.Release|iPhone.Build.0 = Release|Any CPU
		{46C70C89-F45E-42B0-B391-BDF0A93B7DE9}.Release|iPhoneSimulator.ActiveCfg = Release|Any CPU
		{46C70C89-F45E-42B0-B391-BDF0A93B7DE9}.Release|iPhoneSimulator.Build.0 = Release|Any CPU
		{46C70C89-F45E-42B0-B391-BDF0A93B7DE9}.Release|x64.ActiveCfg = Release|Any CPU
		{46C70C89-F45E-42B0-B391-BDF0A93B7DE9}.Release|x64.Build.0 = Release|Any CPU
		{46C70C89-F45E-42B0-B391-BDF0A93B7DE9}.Release|x86.ActiveCfg = Release|Any CPU
		{46C70C89-F45E-42B0-B391-BDF0A93B7DE9}.Release|x86.Build.0 = Release|Any CPU
		{C309A0BE-D578-4396-98EC-F91431499026}.Ad-Hoc|Any CPU.ActiveCfg = Release|Any CPU
		{C309A0BE-D578-4396-98EC-F91431499026}.Ad-Hoc|Any CPU.Build.0 = Release|Any CPU
		{C309A0BE-D578-4396-98EC-F91431499026}.Ad-Hoc|ARM.ActiveCfg = Release|Any CPU
		{C309A0BE-D578-4396-98EC-F91431499026}.Ad-Hoc|ARM.Build.0 = Release|Any CPU
		{C309A0BE-D578-4396-98EC-F91431499026}.Ad-Hoc|iPhone.ActiveCfg = Release|Any CPU
		{C309A0BE-D578-4396-98EC-F91431499026}.Ad-Hoc|iPhone.Build.0 = Release|Any CPU
		{C309A0BE-D578-4396-98EC-F91431499026}.Ad-Hoc|iPhoneSimulator.ActiveCfg = Release|Any CPU
		{C309A0BE-D578-4396-98EC-F91431499026}.Ad-Hoc|iPhoneSimulator.Build.0 = Release|Any CPU
		{C309A0BE-D578-4396-98EC-F91431499026}.Ad-Hoc|x64.ActiveCfg = Release|Any CPU
		{C309A0BE-D578-4396-98EC-F91431499026}.Ad-Hoc|x64.Build.0 = Release|Any CPU
		{C309A0BE-D578-4396-98EC-F91431499026}.Ad-Hoc|x86.ActiveCfg = Release|Any CPU
		{C309A0BE-D578-4396-98EC-F91431499026}.Ad-Hoc|x86.Build.0 = Release|Any CPU
		{C309A0BE-D578-4396-98EC-F91431499026}.AppStore|Any CPU.ActiveCfg = Release|Any CPU
		{C309A0BE-D578-4396-98EC-F91431499026}.AppStore|Any CPU.Build.0 = Release|Any CPU
		{C309A0BE-D578-4396-98EC-F91431499026}.AppStore|ARM.ActiveCfg = Release|Any CPU
		{C309A0BE-D578-4396-98EC-F91431499026}.AppStore|ARM.Build.0 = Release|Any CPU
		{C309A0BE-D578-4396-98EC-F91431499026}.AppStore|iPhone.ActiveCfg = Release|Any CPU
		{C309A0BE-D578-4396-98EC-F91431499026}.AppStore|iPhone.Build.0 = Release|Any CPU
		{C309A0BE-D578-4396-98EC-F91431499026}.AppStore|iPhoneSimulator.ActiveCfg = Release|Any CPU
		{C309A0BE-D578-4396-98EC-F91431499026}.AppStore|iPhoneSimulator.Build.0 = Release|Any CPU
		{C309A0BE-D578-4396-98EC-F91431499026}.AppStore|x64.ActiveCfg = Release|Any CPU
		{C309A0BE-D578-4396-98EC-F91431499026}.AppStore|x64.Build.0 = Release|Any CPU
		{C309A0BE-D578-4396-98EC-F91431499026}.AppStore|x86.ActiveCfg = Release|Any CPU
		{C309A0BE-D578-4396-98EC-F91431499026}.AppStore|x86.Build.0 = Release|Any CPU
		{C309A0BE-D578-4396-98EC-F91431499026}.Debug|Any CPU.ActiveCfg = Debug|Any CPU
		{C309A0BE-D578-4396-98EC-F91431499026}.Debug|Any CPU.Build.0 = Debug|Any CPU
		{C309A0BE-D578-4396-98EC-F91431499026}.Debug|ARM.ActiveCfg = Debug|Any CPU
		{C309A0BE-D578-4396-98EC-F91431499026}.Debug|ARM.Build.0 = Debug|Any CPU
		{C309A0BE-D578-4396-98EC-F91431499026}.Debug|iPhone.ActiveCfg = Debug|Any CPU
		{C309A0BE-D578-4396-98EC-F91431499026}.Debug|iPhone.Build.0 = Debug|Any CPU
		{C309A0BE-D578-4396-98EC-F91431499026}.Debug|iPhoneSimulator.ActiveCfg = Debug|Any CPU
		{C309A0BE-D578-4396-98EC-F91431499026}.Debug|iPhoneSimulator.Build.0 = Debug|Any CPU
		{C309A0BE-D578-4396-98EC-F91431499026}.Debug|x64.ActiveCfg = Debug|Any CPU
		{C309A0BE-D578-4396-98EC-F91431499026}.Debug|x64.Build.0 = Debug|Any CPU
		{C309A0BE-D578-4396-98EC-F91431499026}.Debug|x86.ActiveCfg = Debug|Any CPU
		{C309A0BE-D578-4396-98EC-F91431499026}.Debug|x86.Build.0 = Debug|Any CPU
		{C309A0BE-D578-4396-98EC-F91431499026}.Release|Any CPU.ActiveCfg = Release|Any CPU
		{C309A0BE-D578-4396-98EC-F91431499026}.Release|Any CPU.Build.0 = Release|Any CPU
		{C309A0BE-D578-4396-98EC-F91431499026}.Release|ARM.ActiveCfg = Release|Any CPU
		{C309A0BE-D578-4396-98EC-F91431499026}.Release|ARM.Build.0 = Release|Any CPU
		{C309A0BE-D578-4396-98EC-F91431499026}.Release|iPhone.ActiveCfg = Release|Any CPU
		{C309A0BE-D578-4396-98EC-F91431499026}.Release|iPhone.Build.0 = Release|Any CPU
		{C309A0BE-D578-4396-98EC-F91431499026}.Release|iPhoneSimulator.ActiveCfg = Release|Any CPU
		{C309A0BE-D578-4396-98EC-F91431499026}.Release|iPhoneSimulator.Build.0 = Release|Any CPU
		{C309A0BE-D578-4396-98EC-F91431499026}.Release|x64.ActiveCfg = Release|Any CPU
		{C309A0BE-D578-4396-98EC-F91431499026}.Release|x64.Build.0 = Release|Any CPU
		{C309A0BE-D578-4396-98EC-F91431499026}.Release|x86.ActiveCfg = Release|Any CPU
		{C309A0BE-D578-4396-98EC-F91431499026}.Release|x86.Build.0 = Release|Any CPU
		{AD6370BD-11DB-402C-B24C-DF6A037E4C1C}.Ad-Hoc|Any CPU.ActiveCfg = Release|Any CPU
		{AD6370BD-11DB-402C-B24C-DF6A037E4C1C}.Ad-Hoc|Any CPU.Build.0 = Release|Any CPU
		{AD6370BD-11DB-402C-B24C-DF6A037E4C1C}.Ad-Hoc|ARM.ActiveCfg = Release|Any CPU
		{AD6370BD-11DB-402C-B24C-DF6A037E4C1C}.Ad-Hoc|ARM.Build.0 = Release|Any CPU
		{AD6370BD-11DB-402C-B24C-DF6A037E4C1C}.Ad-Hoc|iPhone.ActiveCfg = Release|Any CPU
		{AD6370BD-11DB-402C-B24C-DF6A037E4C1C}.Ad-Hoc|iPhone.Build.0 = Release|Any CPU
		{AD6370BD-11DB-402C-B24C-DF6A037E4C1C}.Ad-Hoc|iPhoneSimulator.ActiveCfg = Release|Any CPU
		{AD6370BD-11DB-402C-B24C-DF6A037E4C1C}.Ad-Hoc|iPhoneSimulator.Build.0 = Release|Any CPU
		{AD6370BD-11DB-402C-B24C-DF6A037E4C1C}.Ad-Hoc|x64.ActiveCfg = Release|Any CPU
		{AD6370BD-11DB-402C-B24C-DF6A037E4C1C}.Ad-Hoc|x64.Build.0 = Release|Any CPU
		{AD6370BD-11DB-402C-B24C-DF6A037E4C1C}.Ad-Hoc|x86.ActiveCfg = Release|Any CPU
		{AD6370BD-11DB-402C-B24C-DF6A037E4C1C}.Ad-Hoc|x86.Build.0 = Release|Any CPU
		{AD6370BD-11DB-402C-B24C-DF6A037E4C1C}.AppStore|Any CPU.ActiveCfg = Release|Any CPU
		{AD6370BD-11DB-402C-B24C-DF6A037E4C1C}.AppStore|Any CPU.Build.0 = Release|Any CPU
		{AD6370BD-11DB-402C-B24C-DF6A037E4C1C}.AppStore|ARM.ActiveCfg = Release|Any CPU
		{AD6370BD-11DB-402C-B24C-DF6A037E4C1C}.AppStore|ARM.Build.0 = Release|Any CPU
		{AD6370BD-11DB-402C-B24C-DF6A037E4C1C}.AppStore|iPhone.ActiveCfg = Release|Any CPU
		{AD6370BD-11DB-402C-B24C-DF6A037E4C1C}.AppStore|iPhone.Build.0 = Release|Any CPU
		{AD6370BD-11DB-402C-B24C-DF6A037E4C1C}.AppStore|iPhoneSimulator.ActiveCfg = Release|Any CPU
		{AD6370BD-11DB-402C-B24C-DF6A037E4C1C}.AppStore|iPhoneSimulator.Build.0 = Release|Any CPU
		{AD6370BD-11DB-402C-B24C-DF6A037E4C1C}.AppStore|x64.ActiveCfg = Release|Any CPU
		{AD6370BD-11DB-402C-B24C-DF6A037E4C1C}.AppStore|x64.Build.0 = Release|Any CPU
		{AD6370BD-11DB-402C-B24C-DF6A037E4C1C}.AppStore|x86.ActiveCfg = Release|Any CPU
		{AD6370BD-11DB-402C-B24C-DF6A037E4C1C}.AppStore|x86.Build.0 = Release|Any CPU
		{AD6370BD-11DB-402C-B24C-DF6A037E4C1C}.Debug|Any CPU.ActiveCfg = Debug|Any CPU
		{AD6370BD-11DB-402C-B24C-DF6A037E4C1C}.Debug|Any CPU.Build.0 = Debug|Any CPU
		{AD6370BD-11DB-402C-B24C-DF6A037E4C1C}.Debug|ARM.ActiveCfg = Debug|Any CPU
		{AD6370BD-11DB-402C-B24C-DF6A037E4C1C}.Debug|ARM.Build.0 = Debug|Any CPU
		{AD6370BD-11DB-402C-B24C-DF6A037E4C1C}.Debug|iPhone.ActiveCfg = Debug|Any CPU
		{AD6370BD-11DB-402C-B24C-DF6A037E4C1C}.Debug|iPhone.Build.0 = Debug|Any CPU
		{AD6370BD-11DB-402C-B24C-DF6A037E4C1C}.Debug|iPhoneSimulator.ActiveCfg = Debug|Any CPU
		{AD6370BD-11DB-402C-B24C-DF6A037E4C1C}.Debug|iPhoneSimulator.Build.0 = Debug|Any CPU
		{AD6370BD-11DB-402C-B24C-DF6A037E4C1C}.Debug|x64.ActiveCfg = Debug|Any CPU
		{AD6370BD-11DB-402C-B24C-DF6A037E4C1C}.Debug|x64.Build.0 = Debug|Any CPU
		{AD6370BD-11DB-402C-B24C-DF6A037E4C1C}.Debug|x86.ActiveCfg = Debug|Any CPU
		{AD6370BD-11DB-402C-B24C-DF6A037E4C1C}.Debug|x86.Build.0 = Debug|Any CPU
		{AD6370BD-11DB-402C-B24C-DF6A037E4C1C}.Release|Any CPU.ActiveCfg = Release|Any CPU
		{AD6370BD-11DB-402C-B24C-DF6A037E4C1C}.Release|Any CPU.Build.0 = Release|Any CPU
		{AD6370BD-11DB-402C-B24C-DF6A037E4C1C}.Release|ARM.ActiveCfg = Release|Any CPU
		{AD6370BD-11DB-402C-B24C-DF6A037E4C1C}.Release|ARM.Build.0 = Release|Any CPU
		{AD6370BD-11DB-402C-B24C-DF6A037E4C1C}.Release|iPhone.ActiveCfg = Release|Any CPU
		{AD6370BD-11DB-402C-B24C-DF6A037E4C1C}.Release|iPhone.Build.0 = Release|Any CPU
		{AD6370BD-11DB-402C-B24C-DF6A037E4C1C}.Release|iPhoneSimulator.ActiveCfg = Release|Any CPU
		{AD6370BD-11DB-402C-B24C-DF6A037E4C1C}.Release|iPhoneSimulator.Build.0 = Release|Any CPU
		{AD6370BD-11DB-402C-B24C-DF6A037E4C1C}.Release|x64.ActiveCfg = Release|Any CPU
		{AD6370BD-11DB-402C-B24C-DF6A037E4C1C}.Release|x64.Build.0 = Release|Any CPU
		{AD6370BD-11DB-402C-B24C-DF6A037E4C1C}.Release|x86.ActiveCfg = Release|Any CPU
		{AD6370BD-11DB-402C-B24C-DF6A037E4C1C}.Release|x86.Build.0 = Release|Any CPU
	EndGlobalSection
	GlobalSection(SolutionProperties) = preSolution
		HideSolutionNode = FALSE
	EndGlobalSection
EndGlobal
